// !$*UTF8*$!
{
	archiveVersion = 1;
	classes = {
	};
	objectVersion = 46;
	objects = {

/* Begin PBXBuildFile section */
		6D8C24C51CAB6EF40071CE25 /* main.m in Sources */ = {isa = PBXBuildFile; fileRef = 6D8C24C41CAB6EF40071CE25 /* main.m */; };
		6D8C24C81CAB6EF40071CE25 /* AppDelegate.m in Sources */ = {isa = PBXBuildFile; fileRef = 6D8C24C71CAB6EF40071CE25 /* AppDelegate.m */; };
		6D8C24CB1CAB6EF40071CE25 /* ViewController.m in Sources */ = {isa = PBXBuildFile; fileRef = 6D8C24CA1CAB6EF40071CE25 /* ViewController.m */; };
		6D8C24CE1CAB6EF40071CE25 /* Main.storyboard in Resources */ = {isa = PBXBuildFile; fileRef = 6D8C24CC1CAB6EF40071CE25 /* Main.storyboard */; };
		6D8C24D01CAB6EF40071CE25 /* Assets.xcassets in Resources */ = {isa = PBXBuildFile; fileRef = 6D8C24CF1CAB6EF40071CE25 /* Assets.xcassets */; };
		6D8C24D31CAB6EF40071CE25 /* LaunchScreen.storyboard in Resources */ = {isa = PBXBuildFile; fileRef = 6D8C24D11CAB6EF40071CE25 /* LaunchScreen.storyboard */; };
		6D8C25111CAB79E50071CE25 /* CalendarDayCell.m in Sources */ = {isa = PBXBuildFile; fileRef = 6D8C24F81CAB79E50071CE25 /* CalendarDayCell.m */; };
		6D8C25121CAB79E50071CE25 /* CalendarDayModel.m in Sources */ = {isa = PBXBuildFile; fileRef = 6D8C24FA1CAB79E50071CE25 /* CalendarDayModel.m */; };
		6D8C25131CAB79E50071CE25 /* CalendarHomeViewController.m in Sources */ = {isa = PBXBuildFile; fileRef = 6D8C24FC1CAB79E50071CE25 /* CalendarHomeViewController.m */; };
		6D8C25141CAB79E50071CE25 /* CalendarLogic.m in Sources */ = {isa = PBXBuildFile; fileRef = 6D8C24FE1CAB79E50071CE25 /* CalendarLogic.m */; };
		6D8C25151CAB79E50071CE25 /* CalendarMonthCollectionViewLayout.m in Sources */ = {isa = PBXBuildFile; fileRef = 6D8C25001CAB79E50071CE25 /* CalendarMonthCollectionViewLayout.m */; };
		6D8C25161CAB79E50071CE25 /* CalendarMonthHeaderView.m in Sources */ = {isa = PBXBuildFile; fileRef = 6D8C25021CAB79E50071CE25 /* CalendarMonthHeaderView.m */; };
		6D8C25171CAB79E50071CE25 /* CalendarViewController.m in Sources */ = {isa = PBXBuildFile; fileRef = 6D8C25041CAB79E50071CE25 /* CalendarViewController.m */; };
		6D8C25181CAB79E50071CE25 /* CalendarWeakView.m in Sources */ = {isa = PBXBuildFile; fileRef = 6D8C25061CAB79E50071CE25 /* CalendarWeakView.m */; };
		6D8C25191CAB79E50071CE25 /* NSDate+WQCalendarLogic.m in Sources */ = {isa = PBXBuildFile; fileRef = 6D8C25091CAB79E50071CE25 /* NSDate+WQCalendarLogic.m */; };
		6D8C251A1CAB79E50071CE25 /* ReturnDateViewController.m in Sources */ = {isa = PBXBuildFile; fileRef = 6D8C250B1CAB79E50071CE25 /* ReturnDateViewController.m */; };
		6D8C251B1CAB79E50071CE25 /* ReturnDateViewController.xib in Resources */ = {isa = PBXBuildFile; fileRef = 6D8C250C1CAB79E50071CE25 /* ReturnDateViewController.xib */; };
		6D8C251C1CAB79E50071CE25 /* SingleDateViewController.m in Sources */ = {isa = PBXBuildFile; fileRef = 6D8C250E1CAB79E50071CE25 /* SingleDateViewController.m */; };
		6D8C251D1CAB79E50071CE25 /* UIScrollView+UITouch.m in Sources */ = {isa = PBXBuildFile; fileRef = 6D8C25101CAB79E50071CE25 /* UIScrollView+UITouch.m */; };
/* End PBXBuildFile section */

/* Begin PBXContainerItemProxy section */
		6D8C24DA1CAB6EF40071CE25 /* PBXContainerItemProxy */ = {
			isa = PBXContainerItemProxy;
			containerPortal = 6D8C24B81CAB6EF40071CE25 /* Project object */;
			proxyType = 1;
			remoteGlobalIDString = 6D8C24BF1CAB6EF40071CE25;
			remoteInfo = ZNCalendarDemo;
		};
		6D8C24E51CAB6EF40071CE25 /* PBXContainerItemProxy */ = {
			isa = PBXContainerItemProxy;
			containerPortal = 6D8C24B81CAB6EF40071CE25 /* Project object */;
			proxyType = 1;
			remoteGlobalIDString = 6D8C24BF1CAB6EF40071CE25;
			remoteInfo = ZNCalendarDemo;
		};
/* End PBXContainerItemProxy section */

/* Begin PBXFileReference section */
		6D8C24C01CAB6EF40071CE25 /* ZNCalendarDemo.app */ = {isa = PBXFileReference; explicitFileType = wrapper.application; includeInIndex = 0; path = ZNCalendarDemo.app; sourceTree = BUILT_PRODUCTS_DIR; };
		6D8C24C41CAB6EF40071CE25 /* main.m */ = {isa = PBXFileReference; lastKnownFileType = sourcecode.c.objc; path = main.m; sourceTree = "<group>"; };
		6D8C24C61CAB6EF40071CE25 /* AppDelegate.h */ = {isa = PBXFileReference; lastKnownFileType = sourcecode.c.h; path = AppDelegate.h; sourceTree = "<group>"; };
		6D8C24C71CAB6EF40071CE25 /* AppDelegate.m */ = {isa = PBXFileReference; lastKnownFileType = sourcecode.c.objc; path = AppDelegate.m; sourceTree = "<group>"; };
		6D8C24C91CAB6EF40071CE25 /* ViewController.h */ = {isa = PBXFileReference; lastKnownFileType = sourcecode.c.h; path = ViewController.h; sourceTree = "<group>"; };
		6D8C24CA1CAB6EF40071CE25 /* ViewController.m */ = {isa = PBXFileReference; lastKnownFileType = sourcecode.c.objc; path = ViewController.m; sourceTree = "<group>"; };
		6D8C24CD1CAB6EF40071CE25 /* Base */ = {isa = PBXFileReference; lastKnownFileType = file.storyboard; name = Base; path = Base.lproj/Main.storyboard; sourceTree = "<group>"; };
		6D8C24CF1CAB6EF40071CE25 /* Assets.xcassets */ = {isa = PBXFileReference; lastKnownFileType = folder.assetcatalog; path = Assets.xcassets; sourceTree = "<group>"; };
		6D8C24D21CAB6EF40071CE25 /* Base */ = {isa = PBXFileReference; lastKnownFileType = file.storyboard; name = Base; path = Base.lproj/LaunchScreen.storyboard; sourceTree = "<group>"; };
		6D8C24D41CAB6EF40071CE25 /* Info.plist */ = {isa = PBXFileReference; lastKnownFileType = text.plist.xml; path = Info.plist; sourceTree = "<group>"; };
		6D8C24D91CAB6EF40071CE25 /* ZNCalendarDemoTests.xctest */ = {isa = PBXFileReference; explicitFileType = wrapper.cfbundle; includeInIndex = 0; path = ZNCalendarDemoTests.xctest; sourceTree = BUILT_PRODUCTS_DIR; };
		6D8C24E41CAB6EF40071CE25 /* ZNCalendarDemoUITests.xctest */ = {isa = PBXFileReference; explicitFileType = wrapper.cfbundle; includeInIndex = 0; path = ZNCalendarDemoUITests.xctest; sourceTree = BUILT_PRODUCTS_DIR; };
		6D8C24F71CAB79E50071CE25 /* CalendarDayCell.h */ = {isa = PBXFileReference; fileEncoding = 4; lastKnownFileType = sourcecode.c.h; path = CalendarDayCell.h; sourceTree = "<group>"; };
		6D8C24F81CAB79E50071CE25 /* CalendarDayCell.m */ = {isa = PBXFileReference; fileEncoding = 4; lastKnownFileType = sourcecode.c.objc; path = CalendarDayCell.m; sourceTree = "<group>"; };
		6D8C24F91CAB79E50071CE25 /* CalendarDayModel.h */ = {isa = PBXFileReference; fileEncoding = 4; lastKnownFileType = sourcecode.c.h; path = CalendarDayModel.h; sourceTree = "<group>"; };
		6D8C24FA1CAB79E50071CE25 /* CalendarDayModel.m */ = {isa = PBXFileReference; fileEncoding = 4; lastKnownFileType = sourcecode.c.objc; path = CalendarDayModel.m; sourceTree = "<group>"; };
		6D8C24FB1CAB79E50071CE25 /* CalendarHomeViewController.h */ = {isa = PBXFileReference; fileEncoding = 4; lastKnownFileType = sourcecode.c.h; path = CalendarHomeViewController.h; sourceTree = "<group>"; };
		6D8C24FC1CAB79E50071CE25 /* CalendarHomeViewController.m */ = {isa = PBXFileReference; fileEncoding = 4; lastKnownFileType = sourcecode.c.objc; path = CalendarHomeViewController.m; sourceTree = "<group>"; };
		6D8C24FD1CAB79E50071CE25 /* CalendarLogic.h */ = {isa = PBXFileReference; fileEncoding = 4; lastKnownFileType = sourcecode.c.h; path = CalendarLogic.h; sourceTree = "<group>"; };
		6D8C24FE1CAB79E50071CE25 /* CalendarLogic.m */ = {isa = PBXFileReference; fileEncoding = 4; lastKnownFileType = sourcecode.c.objc; path = CalendarLogic.m; sourceTree = "<group>"; };
		6D8C24FF1CAB79E50071CE25 /* CalendarMonthCollectionViewLayout.h */ = {isa = PBXFileReference; fileEncoding = 4; lastKnownFileType = sourcecode.c.h; path = CalendarMonthCollectionViewLayout.h; sourceTree = "<group>"; };
		6D8C25001CAB79E50071CE25 /* CalendarMonthCollectionViewLayout.m */ = {isa = PBXFileReference; fileEncoding = 4; lastKnownFileType = sourcecode.c.objc; path = CalendarMonthCollectionViewLayout.m; sourceTree = "<group>"; };
		6D8C25011CAB79E50071CE25 /* CalendarMonthHeaderView.h */ = {isa = PBXFileReference; fileEncoding = 4; lastKnownFileType = sourcecode.c.h; path = CalendarMonthHeaderView.h; sourceTree = "<group>"; };
		6D8C25021CAB79E50071CE25 /* CalendarMonthHeaderView.m */ = {isa = PBXFileReference; fileEncoding = 4; lastKnownFileType = sourcecode.c.objc; path = CalendarMonthHeaderView.m; sourceTree = "<group>"; };
		6D8C25031CAB79E50071CE25 /* CalendarViewController.h */ = {isa = PBXFileReference; fileEncoding = 4; lastKnownFileType = sourcecode.c.h; path = CalendarViewController.h; sourceTree = "<group>"; };
		6D8C25041CAB79E50071CE25 /* CalendarViewController.m */ = {isa = PBXFileReference; fileEncoding = 4; lastKnownFileType = sourcecode.c.objc; path = CalendarViewController.m; sourceTree = "<group>"; };
		6D8C25051CAB79E50071CE25 /* CalendarWeakView.h */ = {isa = PBXFileReference; fileEncoding = 4; lastKnownFileType = sourcecode.c.h; path = CalendarWeakView.h; sourceTree = "<group>"; };
		6D8C25061CAB79E50071CE25 /* CalendarWeakView.m */ = {isa = PBXFileReference; fileEncoding = 4; lastKnownFileType = sourcecode.c.objc; path = CalendarWeakView.m; sourceTree = "<group>"; };
		6D8C25071CAB79E50071CE25 /* Color.h */ = {isa = PBXFileReference; fileEncoding = 4; lastKnownFileType = sourcecode.c.h; path = Color.h; sourceTree = "<group>"; };
		6D8C25081CAB79E50071CE25 /* NSDate+WQCalendarLogic.h */ = {isa = PBXFileReference; fileEncoding = 4; lastKnownFileType = sourcecode.c.h; path = "NSDate+WQCalendarLogic.h"; sourceTree = "<group>"; };
		6D8C25091CAB79E50071CE25 /* NSDate+WQCalendarLogic.m */ = {isa = PBXFileReference; fileEncoding = 4; lastKnownFileType = sourcecode.c.objc; path = "NSDate+WQCalendarLogic.m"; sourceTree = "<group>"; };
		6D8C250A1CAB79E50071CE25 /* ReturnDateViewController.h */ = {isa = PBXFileReference; fileEncoding = 4; lastKnownFileType = sourcecode.c.h; path = ReturnDateViewController.h; sourceTree = "<group>"; };
		6D8C250B1CAB79E50071CE25 /* ReturnDateViewController.m */ = {isa = PBXFileReference; fileEncoding = 4; lastKnownFileType = sourcecode.c.objc; path = ReturnDateViewController.m; sourceTree = "<group>"; };
		6D8C250C1CAB79E50071CE25 /* ReturnDateViewController.xib */ = {isa = PBXFileReference; fileEncoding = 4; lastKnownFileType = file.xib; path = ReturnDateViewController.xib; sourceTree = "<group>"; };
		6D8C250D1CAB79E50071CE25 /* SingleDateViewController.h */ = {isa = PBXFileReference; fileEncoding = 4; lastKnownFileType = sourcecode.c.h; path = SingleDateViewController.h; sourceTree = "<group>"; };
		6D8C250E1CAB79E50071CE25 /* SingleDateViewController.m */ = {isa = PBXFileReference; fileEncoding = 4; lastKnownFileType = sourcecode.c.objc; path = SingleDateViewController.m; sourceTree = "<group>"; };
		6D8C250F1CAB79E50071CE25 /* UIScrollView+UITouch.h */ = {isa = PBXFileReference; fileEncoding = 4; lastKnownFileType = sourcecode.c.h; path = "UIScrollView+UITouch.h"; sourceTree = "<group>"; };
		6D8C25101CAB79E50071CE25 /* UIScrollView+UITouch.m */ = {isa = PBXFileReference; fileEncoding = 4; lastKnownFileType = sourcecode.c.objc; path = "UIScrollView+UITouch.m"; sourceTree = "<group>"; };
		6D8C251E1CAB7AE20071CE25 /* ZNCalendar.h */ = {isa = PBXFileReference; lastKnownFileType = sourcecode.c.h; path = ZNCalendar.h; sourceTree = "<group>"; };
/* End PBXFileReference section */

/* Begin PBXFrameworksBuildPhase section */
		6D8C24BD1CAB6EF40071CE25 /* Frameworks */ = {
			isa = PBXFrameworksBuildPhase;
			buildActionMask = 2147483647;
			files = (
			);
			runOnlyForDeploymentPostprocessing = 0;
		};
		6D8C24D61CAB6EF40071CE25 /* Frameworks */ = {
			isa = PBXFrameworksBuildPhase;
			buildActionMask = 2147483647;
			files = (
			);
			runOnlyForDeploymentPostprocessing = 0;
		};
		6D8C24E11CAB6EF40071CE25 /* Frameworks */ = {
			isa = PBXFrameworksBuildPhase;
			buildActionMask = 2147483647;
			files = (
			);
			runOnlyForDeploymentPostprocessing = 0;
		};
/* End PBXFrameworksBuildPhase section */

/* Begin PBXGroup section */
		6D8C24B71CAB6EF40071CE25 = {
			isa = PBXGroup;
			children = (
				6D8C24C21CAB6EF40071CE25 /* ZNCalendarDemo */,
				6D8C24C11CAB6EF40071CE25 /* Products */,
			);
			sourceTree = "<group>";
		};
		6D8C24C11CAB6EF40071CE25 /* Products */ = {
			isa = PBXGroup;
			children = (
				6D8C24C01CAB6EF40071CE25 /* ZNCalendarDemo.app */,
				6D8C24D91CAB6EF40071CE25 /* ZNCalendarDemoTests.xctest */,
				6D8C24E41CAB6EF40071CE25 /* ZNCalendarDemoUITests.xctest */,
			);
			name = Products;
			sourceTree = "<group>";
		};
		6D8C24C21CAB6EF40071CE25 /* ZNCalendarDemo */ = {
			isa = PBXGroup;
			children = (
				6D8C24F61CAB79E50071CE25 /* ZNCalendar */,
				6D8C24C91CAB6EF40071CE25 /* ViewController.h */,
				6D8C24CA1CAB6EF40071CE25 /* ViewController.m */,
				6D8C24CC1CAB6EF40071CE25 /* Main.storyboard */,
				6D8C24C31CAB6EF40071CE25 /* Supporting Files */,
			);
			path = ZNCalendarDemo;
			sourceTree = "<group>";
		};
		6D8C24C31CAB6EF40071CE25 /* Supporting Files */ = {
			isa = PBXGroup;
			children = (
				6D8C24CF1CAB6EF40071CE25 /* Assets.xcassets */,
				6D8C24D11CAB6EF40071CE25 /* LaunchScreen.storyboard */,
				6D8C24D41CAB6EF40071CE25 /* Info.plist */,
				6D8C24C61CAB6EF40071CE25 /* AppDelegate.h */,
				6D8C24C71CAB6EF40071CE25 /* AppDelegate.m */,
				6D8C24C41CAB6EF40071CE25 /* main.m */,
			);
			name = "Supporting Files";
			sourceTree = "<group>";
		};
		6D8C24F61CAB79E50071CE25 /* ZNCalendar */ = {
			isa = PBXGroup;
			children = (
				6D8C251E1CAB7AE20071CE25 /* ZNCalendar.h */,
				6D8C24F71CAB79E50071CE25 /* CalendarDayCell.h */,
				6D8C24F81CAB79E50071CE25 /* CalendarDayCell.m */,
				6D8C24F91CAB79E50071CE25 /* CalendarDayModel.h */,
				6D8C24FA1CAB79E50071CE25 /* CalendarDayModel.m */,
				6D8C24FB1CAB79E50071CE25 /* CalendarHomeViewController.h */,
				6D8C24FC1CAB79E50071CE25 /* CalendarHomeViewController.m */,
				6D8C24FD1CAB79E50071CE25 /* CalendarLogic.h */,
				6D8C24FE1CAB79E50071CE25 /* CalendarLogic.m */,
				6D8C24FF1CAB79E50071CE25 /* CalendarMonthCollectionViewLayout.h */,
				6D8C25001CAB79E50071CE25 /* CalendarMonthCollectionViewLayout.m */,
				6D8C25011CAB79E50071CE25 /* CalendarMonthHeaderView.h */,
				6D8C25021CAB79E50071CE25 /* CalendarMonthHeaderView.m */,
				6D8C25031CAB79E50071CE25 /* CalendarViewController.h */,
				6D8C25041CAB79E50071CE25 /* CalendarViewController.m */,
				6D8C25051CAB79E50071CE25 /* CalendarWeakView.h */,
				6D8C25061CAB79E50071CE25 /* CalendarWeakView.m */,
				6D8C25071CAB79E50071CE25 /* Color.h */,
				6D8C25081CAB79E50071CE25 /* NSDate+WQCalendarLogic.h */,
				6D8C25091CAB79E50071CE25 /* NSDate+WQCalendarLogic.m */,
				6D8C250A1CAB79E50071CE25 /* ReturnDateViewController.h */,
				6D8C250B1CAB79E50071CE25 /* ReturnDateViewController.m */,
				6D8C250C1CAB79E50071CE25 /* ReturnDateViewController.xib */,
				6D8C250D1CAB79E50071CE25 /* SingleDateViewController.h */,
				6D8C250E1CAB79E50071CE25 /* SingleDateViewController.m */,
				6D8C250F1CAB79E50071CE25 /* UIScrollView+UITouch.h */,
				6D8C25101CAB79E50071CE25 /* UIScrollView+UITouch.m */,
			);
			path = ZNCalendar;
			sourceTree = "<group>";
		};
/* End PBXGroup section */

/* Begin PBXNativeTarget section */
		6D8C24BF1CAB6EF40071CE25 /* ZNCalendarDemo */ = {
			isa = PBXNativeTarget;
			buildConfigurationList = 6D8C24ED1CAB6EF40071CE25 /* Build configuration list for PBXNativeTarget "ZNCalendarDemo" */;
			buildPhases = (
				6D8C24BC1CAB6EF40071CE25 /* Sources */,
				6D8C24BD1CAB6EF40071CE25 /* Frameworks */,
				6D8C24BE1CAB6EF40071CE25 /* Resources */,
			);
			buildRules = (
			);
			dependencies = (
			);
			name = ZNCalendarDemo;
			productName = ZNCalendarDemo;
			productReference = 6D8C24C01CAB6EF40071CE25 /* ZNCalendarDemo.app */;
			productType = "com.apple.product-type.application";
		};
		6D8C24D81CAB6EF40071CE25 /* ZNCalendarDemoTests */ = {
			isa = PBXNativeTarget;
			buildConfigurationList = 6D8C24F01CAB6EF40071CE25 /* Build configuration list for PBXNativeTarget "ZNCalendarDemoTests" */;
			buildPhases = (
				6D8C24D51CAB6EF40071CE25 /* Sources */,
				6D8C24D61CAB6EF40071CE25 /* Frameworks */,
				6D8C24D71CAB6EF40071CE25 /* Resources */,
			);
			buildRules = (
			);
			dependencies = (
				6D8C24DB1CAB6EF40071CE25 /* PBXTargetDependency */,
			);
			name = ZNCalendarDemoTests;
			productName = ZNCalendarDemoTests;
			productReference = 6D8C24D91CAB6EF40071CE25 /* ZNCalendarDemoTests.xctest */;
			productType = "com.apple.product-type.bundle.unit-test";
		};
		6D8C24E31CAB6EF40071CE25 /* ZNCalendarDemoUITests */ = {
			isa = PBXNativeTarget;
			buildConfigurationList = 6D8C24F31CAB6EF40071CE25 /* Build configuration list for PBXNativeTarget "ZNCalendarDemoUITests" */;
			buildPhases = (
				6D8C24E01CAB6EF40071CE25 /* Sources */,
				6D8C24E11CAB6EF40071CE25 /* Frameworks */,
				6D8C24E21CAB6EF40071CE25 /* Resources */,
			);
			buildRules = (
			);
			dependencies = (
				6D8C24E61CAB6EF40071CE25 /* PBXTargetDependency */,
			);
			name = ZNCalendarDemoUITests;
			productName = ZNCalendarDemoUITests;
			productReference = 6D8C24E41CAB6EF40071CE25 /* ZNCalendarDemoUITests.xctest */;
			productType = "com.apple.product-type.bundle.ui-testing";
		};
/* End PBXNativeTarget section */

/* Begin PBXProject section */
		6D8C24B81CAB6EF40071CE25 /* Project object */ = {
			isa = PBXProject;
			attributes = {
				LastUpgradeCheck = 0730;
				ORGANIZATIONNAME = "张楠";
				TargetAttributes = {
					6D8C24BF1CAB6EF40071CE25 = {
						CreatedOnToolsVersion = 7.3;
					};
					6D8C24D81CAB6EF40071CE25 = {
						CreatedOnToolsVersion = 7.3;
						TestTargetID = 6D8C24BF1CAB6EF40071CE25;
					};
					6D8C24E31CAB6EF40071CE25 = {
						CreatedOnToolsVersion = 7.3;
						TestTargetID = 6D8C24BF1CAB6EF40071CE25;
					};
				};
			};
			buildConfigurationList = 6D8C24BB1CAB6EF40071CE25 /* Build configuration list for PBXProject "ZNCalendarDemo" */;
			compatibilityVersion = "Xcode 3.2";
			developmentRegion = English;
			hasScannedForEncodings = 0;
			knownRegions = (
				en,
				Base,
			);
			mainGroup = 6D8C24B71CAB6EF40071CE25;
			productRefGroup = 6D8C24C11CAB6EF40071CE25 /* Products */;
			projectDirPath = "";
			projectRoot = "";
			targets = (
				6D8C24BF1CAB6EF40071CE25 /* ZNCalendarDemo */,
				6D8C24D81CAB6EF40071CE25 /* ZNCalendarDemoTests */,
				6D8C24E31CAB6EF40071CE25 /* ZNCalendarDemoUITests */,
			);
		};
/* End PBXProject section */

/* Begin PBXResourcesBuildPhase section */
		6D8C24BE1CAB6EF40071CE25 /* Resources */ = {
			isa = PBXResourcesBuildPhase;
			buildActionMask = 2147483647;
			files = (
				6D8C24D31CAB6EF40071CE25 /* LaunchScreen.storyboard in Resources */,
				6D8C24D01CAB6EF40071CE25 /* Assets.xcassets in Resources */,
				6D8C251B1CAB79E50071CE25 /* ReturnDateViewController.xib in Resources */,
				6D8C24CE1CAB6EF40071CE25 /* Main.storyboard in Resources */,
			);
			runOnlyForDeploymentPostprocessing = 0;
		};
		6D8C24D71CAB6EF40071CE25 /* Resources */ = {
			isa = PBXResourcesBuildPhase;
			buildActionMask = 2147483647;
			files = (
			);
			runOnlyForDeploymentPostprocessing = 0;
		};
		6D8C24E21CAB6EF40071CE25 /* Resources */ = {
			isa = PBXResourcesBuildPhase;
			buildActionMask = 2147483647;
			files = (
			);
			runOnlyForDeploymentPostprocessing = 0;
		};
/* End PBXResourcesBuildPhase section */

/* Begin PBXSourcesBuildPhase section */
		6D8C24BC1CAB6EF40071CE25 /* Sources */ = {
			isa = PBXSourcesBuildPhase;
			buildActionMask = 2147483647;
			files = (
				6D8C25111CAB79E50071CE25 /* CalendarDayCell.m in Sources */,
				6D8C25191CAB79E50071CE25 /* NSDate+WQCalendarLogic.m in Sources */,
				6D8C251D1CAB79E50071CE25 /* UIScrollView+UITouch.m in Sources */,
				6D8C251A1CAB79E50071CE25 /* ReturnDateViewController.m in Sources */,
				6D8C25141CAB79E50071CE25 /* CalendarLogic.m in Sources */,
				6D8C25121CAB79E50071CE25 /* CalendarDayModel.m in Sources */,
				6D8C25151CAB79E50071CE25 /* CalendarMonthCollectionViewLayout.m in Sources */,
				6D8C24CB1CAB6EF40071CE25 /* ViewController.m in Sources */,
				6D8C24C81CAB6EF40071CE25 /* AppDelegate.m in Sources */,
				6D8C24C51CAB6EF40071CE25 /* main.m in Sources */,
				6D8C25161CAB79E50071CE25 /* CalendarMonthHeaderView.m in Sources */,
				6D8C251C1CAB79E50071CE25 /* SingleDateViewController.m in Sources */,
				6D8C25181CAB79E50071CE25 /* CalendarWeakView.m in Sources */,
				6D8C25171CAB79E50071CE25 /* CalendarViewController.m in Sources */,
				6D8C25131CAB79E50071CE25 /* CalendarHomeViewController.m in Sources */,
			);
			runOnlyForDeploymentPostprocessing = 0;
		};
		6D8C24D51CAB6EF40071CE25 /* Sources */ = {
			isa = PBXSourcesBuildPhase;
			buildActionMask = 2147483647;
			files = (
			);
			runOnlyForDeploymentPostprocessing = 0;
		};
		6D8C24E01CAB6EF40071CE25 /* Sources */ = {
			isa = PBXSourcesBuildPhase;
			buildActionMask = 2147483647;
			files = (
			);
			runOnlyForDeploymentPostprocessing = 0;
		};
/* End PBXSourcesBuildPhase section */

/* Begin PBXTargetDependency section */
		6D8C24DB1CAB6EF40071CE25 /* PBXTargetDependency */ = {
			isa = PBXTargetDependency;
			target = 6D8C24BF1CAB6EF40071CE25 /* ZNCalendarDemo */;
			targetProxy = 6D8C24DA1CAB6EF40071CE25 /* PBXContainerItemProxy */;
		};
		6D8C24E61CAB6EF40071CE25 /* PBXTargetDependency */ = {
			isa = PBXTargetDependency;
			target = 6D8C24BF1CAB6EF40071CE25 /* ZNCalendarDemo */;
			targetProxy = 6D8C24E51CAB6EF40071CE25 /* PBXContainerItemProxy */;
		};
/* End PBXTargetDependency section */

/* Begin PBXVariantGroup section */
		6D8C24CC1CAB6EF40071CE25 /* Main.storyboard */ = {
			isa = PBXVariantGroup;
			children = (
				6D8C24CD1CAB6EF40071CE25 /* Base */,
			);
			name = Main.storyboard;
			sourceTree = "<group>";
		};
		6D8C24D11CAB6EF40071CE25 /* LaunchScreen.storyboard */ = {
			isa = PBXVariantGroup;
			children = (
				6D8C24D21CAB6EF40071CE25 /* Base */,
			);
			name = LaunchScreen.storyboard;
			sourceTree = "<group>";
		};
/* End PBXVariantGroup section */

/* Begin XCBuildConfiguration section */
		6D8C24EB1CAB6EF40071CE25 /* Debug */ = {
			isa = XCBuildConfiguration;
			buildSettings = {
				ALWAYS_SEARCH_USER_PATHS = NO;
				CLANG_ANALYZER_NONNULL = YES;
				CLANG_CXX_LANGUAGE_STANDARD = "gnu++0x";
				CLANG_CXX_LIBRARY = "libc++";
				CLANG_ENABLE_MODULES = YES;
				CLANG_ENABLE_OBJC_ARC = YES;
				CLANG_WARN_BOOL_CONVERSION = YES;
				CLANG_WARN_CONSTANT_CONVERSION = YES;
				CLANG_WARN_DIRECT_OBJC_ISA_USAGE = YES_ERROR;
				CLANG_WARN_EMPTY_BODY = YES;
				CLANG_WARN_ENUM_CONVERSION = YES;
				CLANG_WARN_INT_CONVERSION = YES;
				CLANG_WARN_OBJC_ROOT_CLASS = YES_ERROR;
				CLANG_WARN_UNREACHABLE_CODE = YES;
				CLANG_WARN__DUPLICATE_METHOD_MATCH = YES;
				"CODE_SIGN_IDENTITY[sdk=iphoneos*]" = "iPhone Developer";
				COPY_PHASE_STRIP = NO;
				DEBUG_INFORMATION_FORMAT = dwarf;
				ENABLE_STRICT_OBJC_MSGSEND = YES;
				ENABLE_TESTABILITY = YES;
				GCC_C_LANGUAGE_STANDARD = gnu99;
				GCC_DYNAMIC_NO_PIC = NO;
				GCC_NO_COMMON_BLOCKS = YES;
				GCC_OPTIMIZATION_LEVEL = 0;
				GCC_PREPROCESSOR_DEFINITIONS = (
					"DEBUG=1",
					"$(inherited)",
				);
				GCC_WARN_64_TO_32_BIT_CONVERSION = YES;
				GCC_WARN_ABOUT_RETURN_TYPE = YES_ERROR;
				GCC_WARN_UNDECLARED_SELECTOR = YES;
				GCC_WARN_UNINITIALIZED_AUTOS = YES_AGGRESSIVE;
				GCC_WARN_UNUSED_FUNCTION = YES;
				GCC_WARN_UNUSED_VARIABLE = YES;
				IPHONEOS_DEPLOYMENT_TARGET = 9.3;
				MTL_ENABLE_DEBUG_INFO = YES;
				ONLY_ACTIVE_ARCH = YES;
				SDKROOT = iphoneos;
				TARGETED_DEVICE_FAMILY = "1,2";
			};
			name = Debug;
		};
		6D8C24EC1CAB6EF40071CE25 /* Release */ = {
			isa = XCBuildConfiguration;
			buildSettings = {
				ALWAYS_SEARCH_USER_PATHS = NO;
				CLANG_ANALYZER_NONNULL = YES;
				CLANG_CXX_LANGUAGE_STANDARD = "gnu++0x";
				CLANG_CXX_LIBRARY = "libc++";
				CLANG_ENABLE_MODULES = YES;
				CLANG_ENABLE_OBJC_ARC = YES;
				CLANG_WARN_BOOL_CONVERSION = YES;
				CLANG_WARN_CONSTANT_CONVERSION = YES;
				CLANG_WARN_DIRECT_OBJC_ISA_USAGE = YES_ERROR;
				CLANG_WARN_EMPTY_BODY = YES;
				CLANG_WARN_ENUM_CONVERSION = YES;
				CLANG_WARN_INT_CONVERSION = YES;
				CLANG_WARN_OBJC_ROOT_CLASS = YES_ERROR;
				CLANG_WARN_UNREACHABLE_CODE = YES;
				CLANG_WARN__DUPLICATE_METHOD_MATCH = YES;
				"CODE_SIGN_IDENTITY[sdk=iphoneos*]" = "iPhone Developer";
				COPY_PHASE_STRIP = NO;
				DEBUG_INFORMATION_FORMAT = "dwarf-with-dsym";
				ENABLE_NS_ASSERTIONS = NO;
				ENABLE_STRICT_OBJC_MSGSEND = YES;
				GCC_C_LANGUAGE_STANDARD = gnu99;
				GCC_NO_COMMON_BLOCKS = YES;
				GCC_WARN_64_TO_32_BIT_CONVERSION = YES;
				GCC_WARN_ABOUT_RETURN_TYPE = YES_ERROR;
				GCC_WARN_UNDECLARED_SELECTOR = YES;
				GCC_WARN_UNINITIALIZED_AUTOS = YES_AGGRESSIVE;
				GCC_WARN_UNUSED_FUNCTION = YES;
				GCC_WARN_UNUSED_VARIABLE = YES;
				IPHONEOS_DEPLOYMENT_TARGET = 9.3;
				MTL_ENABLE_DEBUG_INFO = NO;
				SDKROOT = iphoneos;
				TARGETED_DEVICE_FAMILY = "1,2";
				VALIDATE_PRODUCT = YES;
			};
			name = Release;
		};
		6D8C24EE1CAB6EF40071CE25 /* Debug */ = {
			isa = XCBuildConfiguration;
			buildSettings = {
				ASSETCATALOG_COMPILER_APPICON_NAME = AppIcon;
				INFOPLIST_FILE = ZNCalendarDemo/Info.plist;
				LD_RUNPATH_SEARCH_PATHS = "$(inherited) @executable_path/Frameworks";
				PRODUCT_BUNDLE_IDENTIFIER = com.ZN.Tacit.ZNCalendarDemo;
				PRODUCT_NAME = "$(TARGET_NAME)";
				TARGETED_DEVICE_FAMILY = 1;
			};
			name = Debug;
		};
		6D8C24EF1CAB6EF40071CE25 /* Release */ = {
			isa = XCBuildConfiguration;
			buildSettings = {
				ASSETCATALOG_COMPILER_APPICON_NAME = AppIcon;
				INFOPLIST_FILE = ZNCalendarDemo/Info.plist;
				LD_RUNPATH_SEARCH_PATHS = "$(inherited) @executable_path/Frameworks";
				PRODUCT_BUNDLE_IDENTIFIER = com.ZN.Tacit.ZNCalendarDemo;
				PRODUCT_NAME = "$(TARGET_NAME)";
				TARGETED_DEVICE_FAMILY = 1;
			};
			name = Release;
		};
		6D8C24F11CAB6EF40071CE25 /* Debug */ = {
			isa = XCBuildConfiguration;
			buildSettings = {
				BUNDLE_LOADER = "$(TEST_HOST)";
				INFOPLIST_FILE = ZNCalendarDemoTests/Info.plist;
				LD_RUNPATH_SEARCH_PATHS = "$(inherited) @executable_path/Frameworks @loader_path/Frameworks";
				PRODUCT_BUNDLE_IDENTIFIER = com.ZN.Tacit.ZNCalendarDemoTests;
				PRODUCT_NAME = "$(TARGET_NAME)";
				TEST_HOST = "$(BUILT_PRODUCTS_DIR)/ZNCalendarDemo.app/ZNCalendarDemo";
			};
			name = Debug;
		};
		6D8C24F21CAB6EF40071CE25 /* Release */ = {
			isa = XCBuildConfiguration;
			buildSettings = {
				BUNDLE_LOADER = "$(TEST_HOST)";
				INFOPLIST_FILE = ZNCalendarDemoTests/Info.plist;
				LD_RUNPATH_SEARCH_PATHS = "$(inherited) @executable_path/Frameworks @loader_path/Frameworks";
				PRODUCT_BUNDLE_IDENTIFIER = com.ZN.Tacit.ZNCalendarDemoTests;
				PRODUCT_NAME = "$(TARGET_NAME)";
				TEST_HOST = "$(BUILT_PRODUCTS_DIR)/ZNCalendarDemo.app/ZNCalendarDemo";
			};
			name = Release;
		};
		6D8C24F41CAB6EF40071CE25 /* Debug */ = {
			isa = XCBuildConfiguration;
			buildSettings = {
				INFOPLIST_FILE = ZNCalendarDemoUITests/Info.plist;
				LD_RUNPATH_SEARCH_PATHS = "$(inherited) @executable_path/Frameworks @loader_path/Frameworks";
				PRODUCT_BUNDLE_IDENTIFIER = com.ZN.Tacit.ZNCalendarDemoUITests;
				PRODUCT_NAME = "$(TARGET_NAME)";
				TEST_TARGET_NAME = ZNCalendarDemo;
			};
			name = Debug;
		};
		6D8C24F51CAB6EF40071CE25 /* Release */ = {
			isa = XCBuildConfiguration;
			buildSettings = {
				INFOPLIST_FILE = ZNCalendarDemoUITests/Info.plist;
				LD_RUNPATH_SEARCH_PATHS = "$(inherited) @executable_path/Frameworks @loader_path/Frameworks";
				PRODUCT_BUNDLE_IDENTIFIER = com.ZN.Tacit.ZNCalendarDemoUITests;
				PRODUCT_NAME = "$(TARGET_NAME)";
				TEST_TARGET_NAME = ZNCalendarDemo;
			};
			name = Release;
		};
/* End XCBuildConfiguration section */

/* Begin XCConfigurationList section */
		6D8C24BB1CAB6EF40071CE25 /* Build configuration list for PBXProject "ZNCalendarDemo" */ = {
			isa = XCConfigurationList;
			buildConfigurations = (
				6D8C24EB1CAB6EF40071CE25 /* Debug */,
				6D8C24EC1CAB6EF40071CE25 /* Release */,
			);
			defaultConfigurationIsVisible = 0;
			defaultConfigurationName = Release;
		};
		6D8C24ED1CAB6EF40071CE25 /* Build configuration list for PBXNativeTarget "ZNCalendarDemo" */ = {
			isa = XCConfigurationList;
			buildConfigurations = (
				6D8C24EE1CAB6EF40071CE25 /* Debug */,
				6D8C24EF1CAB6EF40071CE25 /* Release */,
			);
			defaultConfigurationIsVisible = 0;
			defaultConfigurationName = Release;
		};
		6D8C24F01CAB6EF40071CE25 /* Build configuration list for PBXNativeTarget "ZNCalendarDemoTests" */ = {
			isa = XCConfigurationList;
			buildConfigurations = (
				6D8C24F11CAB6EF40071CE25 /* Debug */,
				6D8C24F21CAB6EF40071CE25 /* Release */,
			);
			defaultConfigurationIsVisible = 0;
			defaultConfigurationName = Release;
		};
		6D8C24F31CAB6EF40071CE25 /* Build configuration list for PBXNativeTarget "ZNCalendarDemoUITests" */ = {
			isa = XCConfigurationList;
			buildConfigurations = (
				6D8C24F41CAB6EF40071CE25 /* Debug */,
				6D8C24F51CAB6EF40071CE25 /* Release */,
			);
			defaultConfigurationIsVisible = 0;
			defaultConfigurationName = Release;
		};
/* End XCConfigurationList section */
	};
	rootObject = 6D8C24B81CAB6EF40071CE25 /* Project object */;
}
